
Microsoft Visual Studio Solution File, Format Version 12.00
# Visual Studio Version 17
VisualStudioVersion = 17.5.33516.290
MinimumVisualStudioVersion = 10.0.40219.1
Project("{9A19103F-16F7-4668-BE54-9A1E7A4F7556}") = "Cemsa-BackEnd", "Cemsa-BackEnd.csproj", "{E3C98A93-43DF-4732-ABC5-1184AA375283}"
EndProject
Global
	GlobalSection(SolutionConfigurationPlatforms) = preSolution
		Debug|Any CPU = Debug|Any CPU
		Release|Any CPU = Release|Any CPU
	EndGlobalSection
	GlobalSection(ProjectConfigurationPlatforms) = postSolution
		{E3C98A93-43DF-4732-ABC5-1184AA375283}.Debug|Any CPU.ActiveCfg = Debug|Any CPU
		{E3C98A93-43DF-4732-ABC5-1184AA375283}.Debug|Any CPU.Build.0 = Debug|Any CPU
		{E3C98A93-43DF-4732-ABC5-1184AA375283}.Release|Any CPU.ActiveCfg = Release|Any CPU
		{E3C98A93-43DF-4732-ABC5-1184AA375283}.Release|Any CPU.Build.0 = Release|Any CPU
	EndGlobalSection
	GlobalSection(SolutionProperties) = preSolution
		HideSolutionNode = FALSE
	EndGlobalSection
	GlobalSection(ExtensibilityGlobals) = postSolution
		SolutionGuid = {6987FBF8-7750-40AD-A3F3-87D96A3E464A}
	EndGlobalSection
EndGlobal
